
Microsoft Visual Studio Solution File, Format Version 10.00
# Visual Studio 2008
Project("{FAE04EC0-301F-11D3-BF4B-00C04F79EFBC}") = "XuliOrganizzer", "XuliOrganizzer\XuliOrganizzer.csproj", "{89E3E216-A41F-4E5D-AC73-8AAA5B8B45B4}"
EndProject
Global
	GlobalSection(SolutionConfigurationPlatforms) = preSolution
		111|Any CPU = 111|Any CPU
		Debug|Any CPU = Debug|Any CPU
		Release|Any CPU = Release|Any CPU
	EndGlobalSection
	GlobalSection(ProjectConfigurationPlatforms) = postSolution
		{89E3E216-A41F-4E5D-AC73-8AAA5B8B45B4}.111|Any CPU.ActiveCfg = Release|Any CPU
		{89E3E216-A41F-4E5D-AC73-8AAA5B8B45B4}.111|Any CPU.Build.0 = Release|Any CPU
		{89E3E216-A41F-4E5D-AC73-8AAA5B8B45B4}.Debug|Any CPU.ActiveCfg = Debug|Any CPU
		{89E3E216-A41F-4E5D-AC73-8AAA5B8B45B4}.Debug|Any CPU.Build.0 = Debug|Any CPU
		{89E3E216-A41F-4E5D-AC73-8AAA5B8B45B4}.Release|Any CPU.ActiveCfg = Release|Any CPU
		{89E3E216-A41F-4E5D-AC73-8AAA5B8B45B4}.Release|Any CPU.Build.0 = Release|Any CPU
	EndGlobalSection
	GlobalSection(SolutionProperties) = preSolution
		HideSolutionNode = FALSE
	EndGlobalSection
EndGlobal
